
Microsoft Visual Studio Solution File, Format Version 12.00
# Visual Studio Version 16
VisualStudioVersion = 16.0.34301.259
MinimumVisualStudioVersion = 10.0.40219.1
Project("{FAE04EC0-301F-11D3-BF4B-00C04F79EFBC}") = "WebAppVideo", "WebAppVideo\WebAppVideo.csproj", "{1EA5F51D-4EB1-47A5-B5BD-809728134B3B}"
EndProject
Global
	GlobalSection(SolutionConfigurationPlatforms) = preSolution
		Debug|Any CPU = Debug|Any CPU
		Release|Any CPU = Release|Any CPU
	EndGlobalSection
	GlobalSection(ProjectConfigurationPlatforms) = postSolution
		{1EA5F51D-4EB1-47A5-B5BD-809728134B3B}.Debug|Any CPU.ActiveCfg = Debug|Any CPU
		{1EA5F51D-4EB1-47A5-B5BD-809728134B3B}.Debug|Any CPU.Build.0 = Debug|Any CPU
		{1EA5F51D-4EB1-47A5-B5BD-809728134B3B}.Release|Any CPU.ActiveCfg = Release|Any CPU
		{1EA5F51D-4EB1-47A5-B5BD-809728134B3B}.Release|Any CPU.Build.0 = Release|Any CPU
	EndGlobalSection
	GlobalSection(SolutionProperties) = preSolution
		HideSolutionNode = FALSE
	EndGlobalSection
	GlobalSection(ExtensibilityGlobals) = postSolution
		SolutionGuid = {FF7EBADF-5080-4B16-948F-198B419EAAB2}
	EndGlobalSection
EndGlobal
